# This file is automatically @generated by Cargo.
# It is not intended for manual editing.
version = 3

[[package]]
name = "bernt"
version = "0.1.0"
dependencies = [
 "bernt-movegen",
 "bernt-position",
 "bernt-search",
]

[[package]]
name = "bernt-datagen"
version = "0.1.0"
dependencies = [
 "bernt-movegen",
 "bernt-position",
 "bernt-search",
 "fastrand",
]

[[package]]
name = "bernt-movegen"
version = "0.1.0"
dependencies = [
 "bernt-position",
]

[[package]]
name = "bernt-position"
version = "0.1.0"

[[package]]
name = "bernt-search"
version = "0.1.0"
dependencies = [
 "bernt-movegen",
 "bernt-position",
]

[[package]]
name = "bernt-tuning"
version = "0.1.0"
dependencies = [
 "bernt-position",
 "bernt-search",
]

[[package]]
name = "fastrand"
version = "2.0.0"
source = "registry+https://github.com/rust-lang/crates.io-index"
checksum = "6999dc1837253364c2ebb0704ba97994bd874e8f195d665c50b7548f6ea92764"
