# This file is automatically @generated by Cargo.
# It is not intended for manual editing.
version = 3

[[package]]
name = "bernt"
version = "0.1.0"
dependencies = [
 "bernt-position",
 "bernt-search",
]

[[package]]
name = "bernt-movegen"
version = "0.1.0"
dependencies = [
 "bernt-position",
]

[[package]]
name = "bernt-position"
version = "0.1.0"

[[package]]
name = "bernt-search"
version = "0.1.0"
dependencies = [
 "bernt-movegen",
 "bernt-position",
]

[[package]]
name = "bernt-tuning"
version = "0.1.0"
